// !$*UTF8*$!
{
	archiveVersion = 1;
	classes = {
	};
	objectVersion = 48;
	objects = {

/* Begin PBXBuildFile section */
		2D76C84620FD7C6B0045242A /* AppDelegate.swift in Sources */ = {isa = PBXBuildFile; fileRef = 2D76C84520FD7C6B0045242A /* AppDelegate.swift */; };
		2D76C84820FD7C6B0045242A /* ViewController.swift in Sources */ = {isa = PBXBuildFile; fileRef = 2D76C84720FD7C6B0045242A /* ViewController.swift */; };
		2D76C84B20FD7C6B0045242A /* Main.storyboard in Resources */ = {isa = PBXBuildFile; fileRef = 2D76C84920FD7C6B0045242A /* Main.storyboard */; };
		2D76C84D20FD7C6B0045242A /* Assets.xcassets in Resources */ = {isa = PBXBuildFile; fileRef = 2D76C84C20FD7C6B0045242A /* Assets.xcassets */; };
		2D76C85020FD7C6B0045242A /* LaunchScreen.storyboard in Resources */ = {isa = PBXBuildFile; fileRef = 2D76C84E20FD7C6B0045242A /* LaunchScreen.storyboard */; };
		2D76C85B20FD7C6B0045242A /* TCActionSheetViewTests.swift in Sources */ = {isa = PBXBuildFile; fileRef = 2D76C85A20FD7C6B0045242A /* TCActionSheetViewTests.swift */; };
		2D76C86620FD7C6B0045242A /* TCActionSheetViewUITests.swift in Sources */ = {isa = PBXBuildFile; fileRef = 2D76C86520FD7C6B0045242A /* TCActionSheetViewUITests.swift */; };
		2D76C87520FD7C9B0045242A /* TCActionSheetView.swift in Sources */ = {isa = PBXBuildFile; fileRef = 2D76C87420FD7C9B0045242A /* TCActionSheetView.swift */; };
/* End PBXBuildFile section */

/* Begin PBXContainerItemProxy section */
		2D76C85720FD7C6B0045242A /* PBXContainerItemProxy */ = {
			isa = PBXContainerItemProxy;
			containerPortal = 2D76C83A20FD7C6B0045242A /* Project object */;
			proxyType = 1;
			remoteGlobalIDString = 2D76C84120FD7C6B0045242A;
			remoteInfo = TCActionSheetView;
		};
		2D76C86220FD7C6B0045242A /* PBXContainerItemProxy */ = {
			isa = PBXContainerItemProxy;
			containerPortal = 2D76C83A20FD7C6B0045242A /* Project object */;
			proxyType = 1;
			remoteGlobalIDString = 2D76C84120FD7C6B0045242A;
			remoteInfo = TCActionSheetView;
		};
/* End PBXContainerItemProxy section */

/* Begin PBXFileReference section */
		2D76C84220FD7C6B0045242A /* TCActionSheetView.app */ = {isa = PBXFileReference; explicitFileType = wrapper.application; includeInIndex = 0; path = TCActionSheetView.app; sourceTree = BUILT_PRODUCTS_DIR; };
		2D76C84520FD7C6B0045242A /* AppDelegate.swift */ = {isa = PBXFileReference; lastKnownFileType = sourcecode.swift; path = AppDelegate.swift; sourceTree = "<group>"; };
		2D76C84720FD7C6B0045242A /* ViewController.swift */ = {isa = PBXFileReference; lastKnownFileType = sourcecode.swift; path = ViewController.swift; sourceTree = "<group>"; };
		2D76C84A20FD7C6B0045242A /* Base */ = {isa = PBXFileReference; lastKnownFileType = file.storyboard; name = Base; path = Base.lproj/Main.storyboard; sourceTree = "<group>"; };
		2D76C84C20FD7C6B0045242A /* Assets.xcassets */ = {isa = PBXFileReference; lastKnownFileType = folder.assetcatalog; path = Assets.xcassets; sourceTree = "<group>"; };
		2D76C84F20FD7C6B0045242A /* Base */ = {isa = PBXFileReference; lastKnownFileType = file.storyboard; name = Base; path = Base.lproj/LaunchScreen.storyboard; sourceTree = "<group>"; };
		2D76C85120FD7C6B0045242A /* Info.plist */ = {isa = PBXFileReference; lastKnownFileType = text.plist.xml; path = Info.plist; sourceTree = "<group>"; };
		2D76C85620FD7C6B0045242A /* TCActionSheetViewTests.xctest */ = {isa = PBXFileReference; explicitFileType = wrapper.cfbundle; includeInIndex = 0; path = TCActionSheetViewTests.xctest; sourceTree = BUILT_PRODUCTS_DIR; };
		2D76C85A20FD7C6B0045242A /* TCActionSheetViewTests.swift */ = {isa = PBXFileReference; lastKnownFileType = sourcecode.swift; path = TCActionSheetViewTests.swift; sourceTree = "<group>"; };
		2D76C85C20FD7C6B0045242A /* Info.plist */ = {isa = PBXFileReference; lastKnownFileType = text.plist.xml; path = Info.plist; sourceTree = "<group>"; };
		2D76C86120FD7C6B0045242A /* TCActionSheetViewUITests.xctest */ = {isa = PBXFileReference; explicitFileType = wrapper.cfbundle; includeInIndex = 0; path = TCActionSheetViewUITests.xctest; sourceTree = BUILT_PRODUCTS_DIR; };
		2D76C86520FD7C6B0045242A /* TCActionSheetViewUITests.swift */ = {isa = PBXFileReference; lastKnownFileType = sourcecode.swift; path = TCActionSheetViewUITests.swift; sourceTree = "<group>"; };
		2D76C86720FD7C6B0045242A /* Info.plist */ = {isa = PBXFileReference; lastKnownFileType = text.plist.xml; path = Info.plist; sourceTree = "<group>"; };
		2D76C87420FD7C9B0045242A /* TCActionSheetView.swift */ = {isa = PBXFileReference; lastKnownFileType = sourcecode.swift; path = TCActionSheetView.swift; sourceTree = "<group>"; };
/* End PBXFileReference section */

/* Begin PBXFrameworksBuildPhase section */
		2D76C83F20FD7C6B0045242A /* Frameworks */ = {
			isa = PBXFrameworksBuildPhase;
			buildActionMask = 2147483647;
			files = (
			);
			runOnlyForDeploymentPostprocessing = 0;
		};
		2D76C85320FD7C6B0045242A /* Frameworks */ = {
			isa = PBXFrameworksBuildPhase;
			buildActionMask = 2147483647;
			files = (
			);
			runOnlyForDeploymentPostprocessing = 0;
		};
		2D76C85E20FD7C6B0045242A /* Frameworks */ = {
			isa = PBXFrameworksBuildPhase;
			buildActionMask = 2147483647;
			files = (
			);
			runOnlyForDeploymentPostprocessing = 0;
		};
/* End PBXFrameworksBuildPhase section */

/* Begin PBXGroup section */
		2D76C83920FD7C6B0045242A = {
			isa = PBXGroup;
			children = (
				2D76C84420FD7C6B0045242A /* TCActionSheetView */,
				2D76C85920FD7C6B0045242A /* TCActionSheetViewTests */,
				2D76C86420FD7C6B0045242A /* TCActionSheetViewUITests */,
				2D76C84320FD7C6B0045242A /* Products */,
			);
			sourceTree = "<group>";
		};
		2D76C84320FD7C6B0045242A /* Products */ = {
			isa = PBXGroup;
			children = (
				2D76C84220FD7C6B0045242A /* TCActionSheetView.app */,
				2D76C85620FD7C6B0045242A /* TCActionSheetViewTests.xctest */,
				2D76C86120FD7C6B0045242A /* TCActionSheetViewUITests.xctest */,
			);
			name = Products;
			sourceTree = "<group>";
		};
		2D76C84420FD7C6B0045242A /* TCActionSheetView */ = {
			isa = PBXGroup;
			children = (
				2D76C87320FD7C760045242A /* TCActionSheetView */,
				2D76C84520FD7C6B0045242A /* AppDelegate.swift */,
				2D76C84720FD7C6B0045242A /* ViewController.swift */,
				2D76C84920FD7C6B0045242A /* Main.storyboard */,
				2D76C84C20FD7C6B0045242A /* Assets.xcassets */,
				2D76C84E20FD7C6B0045242A /* LaunchScreen.storyboard */,
				2D76C85120FD7C6B0045242A /* Info.plist */,
			);
			path = TCActionSheetView;
			sourceTree = "<group>";
		};
		2D76C85920FD7C6B0045242A /* TCActionSheetViewTests */ = {
			isa = PBXGroup;
			children = (
				2D76C85A20FD7C6B0045242A /* TCActionSheetViewTests.swift */,
				2D76C85C20FD7C6B0045242A /* Info.plist */,
			);
			path = TCActionSheetViewTests;
			sourceTree = "<group>";
		};
		2D76C86420FD7C6B0045242A /* TCActionSheetViewUITests */ = {
			isa = PBXGroup;
			children = (
				2D76C86520FD7C6B0045242A /* TCActionSheetViewUITests.swift */,
				2D76C86720FD7C6B0045242A /* Info.plist */,
			);
			path = TCActionSheetViewUITests;
			sourceTree = "<group>";
		};
		2D76C87320FD7C760045242A /* TCActionSheetView */ = {
			isa = PBXGroup;
			children = (
				2D76C87420FD7C9B0045242A /* TCActionSheetView.swift */,
			);
			path = TCActionSheetView;
			sourceTree = "<group>";
		};
/* End PBXGroup section */

/* Begin PBXNativeTarget section */
		2D76C84120FD7C6B0045242A /* TCActionSheetView */ = {
			isa = PBXNativeTarget;
			buildConfigurationList = 2D76C86A20FD7C6B0045242A /* Build configuration list for PBXNativeTarget "TCActionSheetView" */;
			buildPhases = (
				2D76C83E20FD7C6B0045242A /* Sources */,
				2D76C83F20FD7C6B0045242A /* Frameworks */,
				2D76C84020FD7C6B0045242A /* Resources */,
			);
			buildRules = (
			);
			dependencies = (
			);
			name = TCActionSheetView;
			productName = TCActionSheetView;
			productReference = 2D76C84220FD7C6B0045242A /* TCActionSheetView.app */;
			productType = "com.apple.product-type.application";
		};
		2D76C85520FD7C6B0045242A /* TCActionSheetViewTests */ = {
			isa = PBXNativeTarget;
			buildConfigurationList = 2D76C86D20FD7C6B0045242A /* Build configuration list for PBXNativeTarget "TCActionSheetViewTests" */;
			buildPhases = (
				2D76C85220FD7C6B0045242A /* Sources */,
				2D76C85320FD7C6B0045242A /* Frameworks */,
				2D76C85420FD7C6B0045242A /* Resources */,
			);
			buildRules = (
			);
			dependencies = (
				2D76C85820FD7C6B0045242A /* PBXTargetDependency */,
			);
			name = TCActionSheetViewTests;
			productName = TCActionSheetViewTests;
			productReference = 2D76C85620FD7C6B0045242A /* TCActionSheetViewTests.xctest */;
			productType = "com.apple.product-type.bundle.unit-test";
		};
		2D76C86020FD7C6B0045242A /* TCActionSheetViewUITests */ = {
			isa = PBXNativeTarget;
			buildConfigurationList = 2D76C87020FD7C6B0045242A /* Build configuration list for PBXNativeTarget "TCActionSheetViewUITests" */;
			buildPhases = (
				2D76C85D20FD7C6B0045242A /* Sources */,
				2D76C85E20FD7C6B0045242A /* Frameworks */,
				2D76C85F20FD7C6B0045242A /* Resources */,
			);
			buildRules = (
			);
			dependencies = (
				2D76C86320FD7C6B0045242A /* PBXTargetDependency */,
			);
			name = TCActionSheetViewUITests;
			productName = TCActionSheetViewUITests;
			productReference = 2D76C86120FD7C6B0045242A /* TCActionSheetViewUITests.xctest */;
			productType = "com.apple.product-type.bundle.ui-testing";
		};
/* End PBXNativeTarget section */

/* Begin PBXProject section */
		2D76C83A20FD7C6B0045242A /* Project object */ = {
			isa = PBXProject;
			attributes = {
				LastSwiftUpdateCheck = 0920;
				LastUpgradeCheck = 0920;
				ORGANIZATIONNAME = tancheng;
				TargetAttributes = {
					2D76C84120FD7C6B0045242A = {
						CreatedOnToolsVersion = 9.2;
						ProvisioningStyle = Automatic;
					};
					2D76C85520FD7C6B0045242A = {
						CreatedOnToolsVersion = 9.2;
						ProvisioningStyle = Automatic;
						TestTargetID = 2D76C84120FD7C6B0045242A;
					};
					2D76C86020FD7C6B0045242A = {
						CreatedOnToolsVersion = 9.2;
						ProvisioningStyle = Automatic;
						TestTargetID = 2D76C84120FD7C6B0045242A;
					};
				};
			};
			buildConfigurationList = 2D76C83D20FD7C6B0045242A /* Build configuration list for PBXProject "TCActionSheetView" */;
			compatibilityVersion = "Xcode 8.0";
			developmentRegion = en;
			hasScannedForEncodings = 0;
			knownRegions = (
				en,
				Base,
			);
			mainGroup = 2D76C83920FD7C6B0045242A;
			productRefGroup = 2D76C84320FD7C6B0045242A /* Products */;
			projectDirPath = "";
			projectRoot = "";
			targets = (
				2D76C84120FD7C6B0045242A /* TCActionSheetView */,
				2D76C85520FD7C6B0045242A /* TCActionSheetViewTests */,
				2D76C86020FD7C6B0045242A /* TCActionSheetViewUITests */,
			);
		};
/* End PBXProject section */

/* Begin PBXResourcesBuildPhase section */
		2D76C84020FD7C6B0045242A /* Resources */ = {
			isa = PBXResourcesBuildPhase;
			buildActionMask = 2147483647;
			files = (
				2D76C85020FD7C6B0045242A /* LaunchScreen.storyboard in Resources */,
				2D76C84D20FD7C6B0045242A /* Assets.xcassets in Resources */,
				2D76C84B20FD7C6B0045242A /* Main.storyboard in Resources */,
			);
			runOnlyForDeploymentPostprocessing = 0;
		};
		2D76C85420FD7C6B0045242A /* Resources */ = {
			isa = PBXResourcesBuildPhase;
			buildActionMask = 2147483647;
			files = (
			);
			runOnlyForDeploymentPostprocessing = 0;
		};
		2D76C85F20FD7C6B0045242A /* Resources */ = {
			isa = PBXResourcesBuildPhase;
			buildActionMask = 2147483647;
			files = (
			);
			runOnlyForDeploymentPostprocessing = 0;
		};
/* End PBXResourcesBuildPhase section */

/* Begin PBXSourcesBuildPhase section */
		2D76C83E20FD7C6B0045242A /* Sources */ = {
			isa = PBXSourcesBuildPhase;
			buildActionMask = 2147483647;
			files = (
				2D76C87520FD7C9B0045242A /* TCActionSheetView.swift in Sources */,
				2D76C84820FD7C6B0045242A /* ViewController.swift in Sources */,
				2D76C84620FD7C6B0045242A /* AppDelegate.swift in Sources */,
			);
			runOnlyForDeploymentPostprocessing = 0;
		};
		2D76C85220FD7C6B0045242A /* Sources */ = {
			isa = PBXSourcesBuildPhase;
			buildActionMask = 2147483647;
			files = (
				2D76C85B20FD7C6B0045242A /* TCActionSheetViewTests.swift in Sources */,
			);
			runOnlyForDeploymentPostprocessing = 0;
		};
		2D76C85D20FD7C6B0045242A /* Sources */ = {
			isa = PBXSourcesBuildPhase;
			buildActionMask = 2147483647;
			files = (
				2D76C86620FD7C6B0045242A /* TCActionSheetViewUITests.swift in Sources */,
			);
			runOnlyForDeploymentPostprocessing = 0;
		};
/* End PBXSourcesBuildPhase section */

/* Begin PBXTargetDependency section */
		2D76C85820FD7C6B0045242A /* PBXTargetDependency */ = {
			isa = PBXTargetDependency;
			target = 2D76C84120FD7C6B0045242A /* TCActionSheetView */;
			targetProxy = 2D76C85720FD7C6B0045242A /* PBXContainerItemProxy */;
		};
		2D76C86320FD7C6B0045242A /* PBXTargetDependency */ = {
			isa = PBXTargetDependency;
			target = 2D76C84120FD7C6B0045242A /* TCActionSheetView */;
			targetProxy = 2D76C86220FD7C6B0045242A /* PBXContainerItemProxy */;
		};
/* End PBXTargetDependency section */

/* Begin PBXVariantGroup section */
		2D76C84920FD7C6B0045242A /* Main.storyboard */ = {
			isa = PBXVariantGroup;
			children = (
				2D76C84A20FD7C6B0045242A /* Base */,
			);
			name = Main.storyboard;
			sourceTree = "<group>";
		};
		2D76C84E20FD7C6B0045242A /* LaunchScreen.storyboard */ = {
			isa = PBXVariantGroup;
			children = (
				2D76C84F20FD7C6B0045242A /* Base */,
			);
			name = LaunchScreen.storyboard;
			sourceTree = "<group>";
		};
/* End PBXVariantGroup section */

/* Begin XCBuildConfiguration section */
		2D76C86820FD7C6B0045242A /* Debug */ = {
			isa = XCBuildConfiguration;
			buildSettings = {
				ALWAYS_SEARCH_USER_PATHS = NO;
				CLANG_ANALYZER_NONNULL = YES;
				CLANG_ANALYZER_NUMBER_OBJECT_CONVERSION = YES_AGGRESSIVE;
				CLANG_CXX_LANGUAGE_STANDARD = "gnu++14";
				CLANG_CXX_LIBRARY = "libc++";
				CLANG_ENABLE_MODULES = YES;
				CLANG_ENABLE_OBJC_ARC = YES;
				CLANG_WARN_BLOCK_CAPTURE_AUTORELEASING = YES;
				CLANG_WARN_BOOL_CONVERSION = YES;
				CLANG_WARN_COMMA = YES;
				CLANG_WARN_CONSTANT_CONVERSION = YES;
				CLANG_WARN_DIRECT_OBJC_ISA_USAGE = YES_ERROR;
				CLANG_WARN_DOCUMENTATION_COMMENTS = YES;
				CLANG_WARN_EMPTY_BODY = YES;
				CLANG_WARN_ENUM_CONVERSION = YES;
				CLANG_WARN_INFINITE_RECURSION = YES;
				CLANG_WARN_INT_CONVERSION = YES;
				CLANG_WARN_NON_LITERAL_NULL_CONVERSION = YES;
				CLANG_WARN_OBJC_LITERAL_CONVERSION = YES;
				CLANG_WARN_OBJC_ROOT_CLASS = YES_ERROR;
				CLANG_WARN_RANGE_LOOP_ANALYSIS = YES;
				CLANG_WARN_STRICT_PROTOTYPES = YES;
				CLANG_WARN_SUSPICIOUS_MOVE = YES;
				CLANG_WARN_UNGUARDED_AVAILABILITY = YES_AGGRESSIVE;
				CLANG_WARN_UNREACHABLE_CODE = YES;
				CLANG_WARN__DUPLICATE_METHOD_MATCH = YES;
				CODE_SIGN_IDENTITY = "iPhone Developer";
				COPY_PHASE_STRIP = NO;
				DEBUG_INFORMATION_FORMAT = dwarf;
				ENABLE_STRICT_OBJC_MSGSEND = YES;
				ENABLE_TESTABILITY = YES;
				GCC_C_LANGUAGE_STANDARD = gnu11;
				GCC_DYNAMIC_NO_PIC = NO;
				GCC_NO_COMMON_BLOCKS = YES;
				GCC_OPTIMIZATION_LEVEL = 0;
				GCC_PREPROCESSOR_DEFINITIONS = (
					"DEBUG=1",
					"$(inherited)",
				);
				GCC_WARN_64_TO_32_BIT_CONVERSION = YES;
				GCC_WARN_ABOUT_RETURN_TYPE = YES_ERROR;
				GCC_WARN_UNDECLARED_SELECTOR = YES;
				GCC_WARN_UNINITIALIZED_AUTOS = YES_AGGRESSIVE;
				GCC_WARN_UNUSED_FUNCTION = YES;
				GCC_WARN_UNUSED_VARIABLE = YES;
				IPHONEOS_DEPLOYMENT_TARGET = 11.2;
				MTL_ENABLE_DEBUG_INFO = YES;
				ONLY_ACTIVE_ARCH = YES;
				SDKROOT = iphoneos;
				SWIFT_ACTIVE_COMPILATION_CONDITIONS = DEBUG;
				SWIFT_OPTIMIZATION_LEVEL = "-Onone";
			};
			name = Debug;
		};
		2D76C86920FD7C6B0045242A /* Release */ = {
			isa = XCBuildConfiguration;
			buildSettings = {
				ALWAYS_SEARCH_USER_PATHS = NO;
				CLANG_ANALYZER_NONNULL = YES;
				CLANG_ANALYZER_NUMBER_OBJECT_CONVERSION = YES_AGGRESSIVE;
				CLANG_CXX_LANGUAGE_STANDARD = "gnu++14";
				CLANG_CXX_LIBRARY = "libc++";
				CLANG_ENABLE_MODULES = YES;
				CLANG_ENABLE_OBJC_ARC = YES;
				CLANG_WARN_BLOCK_CAPTURE_AUTORELEASING = YES;
				CLANG_WARN_BOOL_CONVERSION = YES;
				CLANG_WARN_COMMA = YES;
				CLANG_WARN_CONSTANT_CONVERSION = YES;
				CLANG_WARN_DIRECT_OBJC_ISA_USAGE = YES_ERROR;
				CLANG_WARN_DOCUMENTATION_COMMENTS = YES;
				CLANG_WARN_EMPTY_BODY = YES;
				CLANG_WARN_ENUM_CONVERSION = YES;
				CLANG_WARN_INFINITE_RECURSION = YES;
				CLANG_WARN_INT_CONVERSION = YES;
				CLANG_WARN_NON_LITERAL_NULL_CONVERSION = YES;
				CLANG_WARN_OBJC_LITERAL_CONVERSION = YES;
				CLANG_WARN_OBJC_ROOT_CLASS = YES_ERROR;
				CLANG_WARN_RANGE_LOOP_ANALYSIS = YES;
				CLANG_WARN_STRICT_PROTOTYPES = YES;
				CLANG_WARN_SUSPICIOUS_MOVE = YES;
				CLANG_WARN_UNGUARDED_AVAILABILITY = YES_AGGRESSIVE;
				CLANG_WARN_UNREACHABLE_CODE = YES;
				CLANG_WARN__DUPLICATE_METHOD_MATCH = YES;
				CODE_SIGN_IDENTITY = "iPhone Developer";
				COPY_PHASE_STRIP = NO;
				DEBUG_INFORMATION_FORMAT = "dwarf-with-dsym";
				ENABLE_NS_ASSERTIONS = NO;
				ENABLE_STRICT_OBJC_MSGSEND = YES;
				GCC_C_LANGUAGE_STANDARD = gnu11;
				GCC_NO_COMMON_BLOCKS = YES;
				GCC_WARN_64_TO_32_BIT_CONVERSION = YES;
				GCC_WARN_ABOUT_RETURN_TYPE = YES_ERROR;
				GCC_WARN_UNDECLARED_SELECTOR = YES;
				GCC_WARN_UNINITIALIZED_AUTOS = YES_AGGRESSIVE;
				GCC_WARN_UNUSED_FUNCTION = YES;
				GCC_WARN_UNUSED_VARIABLE = YES;
				IPHONEOS_DEPLOYMENT_TARGET = 11.2;
				MTL_ENABLE_DEBUG_INFO = NO;
				SDKROOT = iphoneos;
				SWIFT_OPTIMIZATION_LEVEL = "-Owholemodule";
				VALIDATE_PRODUCT = YES;
			};
			name = Release;
		};
		2D76C86B20FD7C6B0045242A /* Debug */ = {
			isa = XCBuildConfiguration;
			buildSettings = {
				ASSETCATALOG_COMPILER_APPICON_NAME = AppIcon;
				CODE_SIGN_STYLE = Automatic;
				INFOPLIST_FILE = TCActionSheetView/Info.plist;
				LD_RUNPATH_SEARCH_PATHS = "$(inherited) @executable_path/Frameworks";
				PRODUCT_BUNDLE_IDENTIFIER = com.mycompany.new.TCActionSheetView;
				PRODUCT_NAME = "$(TARGET_NAME)";
				SWIFT_VERSION = 4.0;
				TARGETED_DEVICE_FAMILY = "1,2";
			};
			name = Debug;
		};
		2D76C86C20FD7C6B0045242A /* Release */ = {
			isa = XCBuildConfiguration;
			buildSettings = {
				ASSETCATALOG_COMPILER_APPICON_NAME = AppIcon;
				CODE_SIGN_STYLE = Automatic;
				INFOPLIST_FILE = TCActionSheetView/Info.plist;
				LD_RUNPATH_SEARCH_PATHS = "$(inherited) @executable_path/Frameworks";
				PRODUCT_BUNDLE_IDENTIFIER = com.mycompany.new.TCActionSheetView;
				PRODUCT_NAME = "$(TARGET_NAME)";
				SWIFT_VERSION = 4.0;
				TARGETED_DEVICE_FAMILY = "1,2";
			};
			name = Release;
		};
		2D76C86E20FD7C6B0045242A /* Debug */ = {
			isa = XCBuildConfiguration;
			buildSettings = {
				ALWAYS_EMBED_SWIFT_STANDARD_LIBRARIES = YES;
				BUNDLE_LOADER = "$(TEST_HOST)";
				CODE_SIGN_STYLE = Automatic;
				INFOPLIST_FILE = TCActionSheetViewTests/Info.plist;
				LD_RUNPATH_SEARCH_PATHS = "$(inherited) @executable_path/Frameworks @loader_path/Frameworks";
				PRODUCT_BUNDLE_IDENTIFIER = com.mycompany.new.TCActionSheetViewTests;
				PRODUCT_NAME = "$(TARGET_NAME)";
				SWIFT_VERSION = 4.0;
				TARGETED_DEVICE_FAMILY = "1,2";
				TEST_HOST = "$(BUILT_PRODUCTS_DIR)/TCActionSheetView.app/TCActionSheetView";
			};
			name = Debug;
		};
		2D76C86F20FD7C6B0045242A /* Release */ = {
			isa = XCBuildConfiguration;
			buildSettings = {
				ALWAYS_EMBED_SWIFT_STANDARD_LIBRARIES = YES;
				BUNDLE_LOADER = "$(TEST_HOST)";
				CODE_SIGN_STYLE = Automatic;
				INFOPLIST_FILE = TCActionSheetViewTests/Info.plist;
				LD_RUNPATH_SEARCH_PATHS = "$(inherited) @executable_path/Frameworks @loader_path/Frameworks";
				PRODUCT_BUNDLE_IDENTIFIER = com.mycompany.new.TCActionSheetViewTests;
				PRODUCT_NAME = "$(TARGET_NAME)";
				SWIFT_VERSION = 4.0;
				TARGETED_DEVICE_FAMILY = "1,2";
				TEST_HOST = "$(BUILT_PRODUCTS_DIR)/TCActionSheetView.app/TCActionSheetView";
			};
			name = Release;
		};
		2D76C87120FD7C6B0045242A /* Debug */ = {
			isa = XCBuildConfiguration;
			buildSettings = {
				ALWAYS_EMBED_SWIFT_STANDARD_LIBRARIES = YES;
				CODE_SIGN_STYLE = Automatic;
				INFOPLIST_FILE = TCActionSheetViewUITests/Info.plist;
				LD_RUNPATH_SEARCH_PATHS = "$(inherited) @executable_path/Frameworks @loader_path/Frameworks";
				PRODUCT_BUNDLE_IDENTIFIER = com.mycompany.new.TCActionSheetViewUITests;
				PRODUCT_NAME = "$(TARGET_NAME)";
				SWIFT_VERSION = 4.0;
				TARGETED_DEVICE_FAMILY = "1,2";
				TEST_TARGET_NAME = TCActionSheetView;
			};
			name = Debug;
		};
		2D76C87220FD7C6B0045242A /* Release */ = {
			isa = XCBuildConfiguration;
			buildSettings = {
				ALWAYS_EMBED_SWIFT_STANDARD_LIBRARIES = YES;
				CODE_SIGN_STYLE = Automatic;
				INFOPLIST_FILE = TCActionSheetViewUITests/Info.plist;
				LD_RUNPATH_SEARCH_PATHS = "$(inherited) @executable_path/Frameworks @loader_path/Frameworks";
				PRODUCT_BUNDLE_IDENTIFIER = com.mycompany.new.TCActionSheetViewUITests;
				PRODUCT_NAME = "$(TARGET_NAME)";
				SWIFT_VERSION = 4.0;
				TARGETED_DEVICE_FAMILY = "1,2";
				TEST_TARGET_NAME = TCActionSheetView;
			};
			name = Release;
		};
/* End XCBuildConfiguration section */

/* Begin XCConfigurationList section */
		2D76C83D20FD7C6B0045242A /* Build configuration list for PBXProject "TCActionSheetView" */ = {
			isa = XCConfigurationList;
			buildConfigurations = (
				2D76C86820FD7C6B0045242A /* Debug */,
				2D76C86920FD7C6B0045242A /* Release */,
			);
			defaultConfigurationIsVisible = 0;
			defaultConfigurationName = Release;
		};
		2D76C86A20FD7C6B0045242A /* Build configuration list for PBXNativeTarget "TCActionSheetView" */ = {
			isa = XCConfigurationList;
			buildConfigurations = (
				2D76C86B20FD7C6B0045242A /* Debug */,
				2D76C86C20FD7C6B0045242A /* Release */,
			);
			defaultConfigurationIsVisible = 0;
			defaultConfigurationName = Release;
		};
		2D76C86D20FD7C6B0045242A /* Build configuration list for PBXNativeTarget "TCActionSheetViewTests" */ = {
			isa = XCConfigurationList;
			buildConfigurations = (
				2D76C86E20FD7C6B0045242A /* Debug */,
				2D76C86F20FD7C6B0045242A /* Release */,
			);
			defaultConfigurationIsVisible = 0;
			defaultConfigurationName = Release;
		};
		2D76C87020FD7C6B0045242A /* Build configuration list for PBXNativeTarget "TCActionSheetViewUITests" */ = {
			isa = XCConfigurationList;
			buildConfigurations = (
				2D76C87120FD7C6B0045242A /* Debug */,
				2D76C87220FD7C6B0045242A /* Release */,
			);
			defaultConfigurationIsVisible = 0;
			defaultConfigurationName = Release;
		};
/* End XCConfigurationList section */
	};
	rootObject = 2D76C83A20FD7C6B0045242A /* Project object */;
}
